github.com/aws/aws-lambda-go v1.48.0 h1:1aZUYsrJu0yo5fC4z+Rba1KhNImXcJcvHu763BxoyIo=
github.com/aws/aws-lambda-go v1.48.0/go.mod h1:dpMpZgvWx5vuQJfBt0zqBha60q7Dd7RfgJv23DymV8A=
github.com/davecgh/go-spew v1.1.1 h1:vj9j/u1bqnvCEfJOwUhtlOARqs3+rkHYY13jYWTU97c=
github.com/davecgh/go-spew v1.1.1/go.mod h1:J7Y8YcW2NihsgmVo/mv3lAwl/skON4iLHjSsI+c5H38=
github.com/docopt/docopt-go v0.0.0-20180111231733-ee0de3bc6815/go.mod h1:WwZ+bS3ebgob9U8Nd0kOddGdZWjyMGR8Wziv+TBNwSE=
github.com/greymd/ojichat v0.2.2 h1:i4aTWD/SVDjX8CxeuFWS+WdxEvS7BWgkSzpUUppnl7g=
github.com/greymd/ojichat v0.2.2/go.mod h1:Jqyh6K1nCXDnOUoknG0jds/noylA3AfXEgGxWuQ5MPw=
github.com/ikawaha/kagome.ipadic v1.1.0/go.mod h1:DPSBbU0czaJhAb/5uKQZHMc9MTVRpDugJfX+HddPHHg=
github.com/ikawaha/kagome.ipadic v1.1.2 h1:pFxZ1PpMpc6ZoBK712YN5cVK0u/ju2DZ+gRIOriJFFs=
github.com/ikawaha/kagome.ipadic v1.1.2/go.mod h1:DPSBbU0czaJhAb/5uKQZHMc9MTVRpDugJfX+HddPHHg=
github.com/jessevdk/go-assets v0.0.0-20160921144138-4f4301a06e15/go.mod h1:Fdm/oWRW+CH8PRbLntksCNtmcCBximKPkVQYvmMl80k=
github.com/mattn/go-gimei v0.0.0-20190131075016-6a4b8c0a2634/go.mod h1:4ggHGpvxbte2tfR5dSMcNG6EjEETJRJZfMnvdI7naK8=
github.com/mattn/go-gimei v0.0.4 h1:bW+/59oHuGk3hvZz4n7OxSr1D801/m4zFdK0UOCLttQ=
github.com/mattn/go-gimei v0.0.4/go.mod h1:EOUfDJNA9Icqfdi6+BEZYIf/Bs8P+dSem2/mX5adh4Q=
github.com/miiton/kanaconv v0.0.0-20190113030651-37b47860541b/go.mod h1:QrxJBSmXXUCbXp+bDg28x8dvOPMSakVnREovgqvgtP4=
github.com/miiton/kanaconv v1.1.1 h1:OBp7EuEQLZNgLoAOTTg7vMli0mNYUnCGrbiKspwRarw=
github.com/miiton/kanaconv v1.1.1/go.mod h1:ouBMwkiXMb/d1QUp60c2qeRyv89IuDnorGjNUVbmDVg=
github.com/pmezard/go-difflib v1.0.0 h1:4DBwDE0NGyQoBHbLQYPwSUPoCMWR5BEzIk/f1lZbAQM=
github.com/pmezard/go-difflib v1.0.0/go.mod h1:iKH77koFhYxTK1pcRnkKkqfTogsbg7gZNVY4sRDYZ/4=
github.com/stretchr/testify v1.7.2 h1:4jaiDzPyXQvSd7D0EjG45355tLlV3VOECpq10pLC+8s=
github.com/stretchr/testify v1.7.2/go.mod h1:R6va5+xMeoiuVRoj+gSkQ7d3FALtqAAGI1FQKckRals=
golang.org/x/text v0.24.0 h1:dd5Bzh4yt5KYA8f9CJHCP4FB4D51c2c6JvN37xJJkJ0=
golang.org/x/text v0.24.0/go.mod h1:L8rBsPeo2pSS+xqN0d5u2ikmjtmoJbDBT1b7nHvFCdU=
gopkg.in/check.v1 v0.0.0-20161208181325-20d25e280405 h1:yhCVgyC4o1eVCa2tZl7eS0r+SDo693bJlVdllGtEeKM=
gopkg.in/check.v1 v0.0.0-20161208181325-20d25e280405/go.mod h1:Co6ibVJAznAaIkqp8huTwlJQCZ016jof/cbN4VW5Yz0=
gopkg.in/yaml.v2 v2.2.2/go.mod h1:hI93XBmqTisBFMUTm0b8Fm+jr3Dg1NNxqwp+5A1VGuI=
gopkg.in/yaml.v2 v2.4.0 h1:D8xgwECY7CYvx+Y2n4sBz93Jn9JRvxdiyyo8CTfuKaY=
gopkg.in/yaml.v2 v2.4.0/go.mod h1:RDklbk79AGWmwhnvt/jBztapEOGDOx6ZbXqjP6csGnQ=
gopkg.in/yaml.v3 v3.0.1 h1:fxVm/GzAzEWqLHuvctI91KS9hhNmmWOoWu0XTYJS7CA=
gopkg.in/yaml.v3 v3.0.1/go.mod h1:K4uyk7z7BCEPqu6E+C64Yfv1cQ7kz7rIZviUmN+EgEM=
